// !$*UTF8*$!
{
	archiveVersion = 1;
	classes = {
	};
	objectVersion = 50;
	objects = {

/* Begin PBXBuildFile section */
		8999DEA123AD290C00F26FBC /* AppDelegate.swift in Sources */ = {isa = PBXBuildFile; fileRef = 8999DEA023AD290C00F26FBC /* AppDelegate.swift */; };
		8999DEA323AD290C00F26FBC /* SceneDelegate.swift in Sources */ = {isa = PBXBuildFile; fileRef = 8999DEA223AD290C00F26FBC /* SceneDelegate.swift */; };
		8999DEA523AD290C00F26FBC /* StartViewController.swift in Sources */ = {isa = PBXBuildFile; fileRef = 8999DEA423AD290C00F26FBC /* StartViewController.swift */; };
		8999DEA823AD290C00F26FBC /* Main.storyboard in Resources */ = {isa = PBXBuildFile; fileRef = 8999DEA623AD290C00F26FBC /* Main.storyboard */; };
		8999DEAA23AD290E00F26FBC /* Assets.xcassets in Resources */ = {isa = PBXBuildFile; fileRef = 8999DEA923AD290E00F26FBC /* Assets.xcassets */; };
		8999DEAD23AD290E00F26FBC /* LaunchScreen.storyboard in Resources */ = {isa = PBXBuildFile; fileRef = 8999DEAB23AD290E00F26FBC /* LaunchScreen.storyboard */; };
		8999DEB823AD2FD600F26FBC /* TakeAGuessViewController.swift in Sources */ = {isa = PBXBuildFile; fileRef = 8999DEB723AD2FD600F26FBC /* TakeAGuessViewController.swift */; };
		8999DEBA23AD304000F26FBC /* AnswerViewController.swift in Sources */ = {isa = PBXBuildFile; fileRef = 8999DEB923AD304000F26FBC /* AnswerViewController.swift */; };
		8999DEBC23AD30FA00F26FBC /* ResultsViewController.swift in Sources */ = {isa = PBXBuildFile; fileRef = 8999DEBB23AD30FA00F26FBC /* ResultsViewController.swift */; };
		8999DEC023AE4D2D00F26FBC /* CurrencyTextField.swift in Sources */ = {isa = PBXBuildFile; fileRef = 8999DEBF23AE4D2D00F26FBC /* CurrencyTextField.swift */; };
		8999DEC323AE4E6800F26FBC /* Guess.swift in Sources */ = {isa = PBXBuildFile; fileRef = 8999DEC223AE4E6800F26FBC /* Guess.swift */; };
		8999DEC523B39EF400F26FBC /* GuessesTableViewCell.swift in Sources */ = {isa = PBXBuildFile; fileRef = 8999DEC423B39EF400F26FBC /* GuessesTableViewCell.swift */; };
/* End PBXBuildFile section */

/* Begin PBXFileReference section */
		8999DE9D23AD290C00F26FBC /* Best Guess.app */ = {isa = PBXFileReference; explicitFileType = wrapper.application; includeInIndex = 0; path = "Best Guess.app"; sourceTree = BUILT_PRODUCTS_DIR; };
		8999DEA023AD290C00F26FBC /* AppDelegate.swift */ = {isa = PBXFileReference; lastKnownFileType = sourcecode.swift; path = AppDelegate.swift; sourceTree = "<group>"; };
		8999DEA223AD290C00F26FBC /* SceneDelegate.swift */ = {isa = PBXFileReference; lastKnownFileType = sourcecode.swift; path = SceneDelegate.swift; sourceTree = "<group>"; };
		8999DEA423AD290C00F26FBC /* StartViewController.swift */ = {isa = PBXFileReference; lastKnownFileType = sourcecode.swift; path = StartViewController.swift; sourceTree = "<group>"; };
		8999DEA723AD290C00F26FBC /* Base */ = {isa = PBXFileReference; lastKnownFileType = file.storyboard; name = Base; path = Base.lproj/Main.storyboard; sourceTree = "<group>"; };
		8999DEA923AD290E00F26FBC /* Assets.xcassets */ = {isa = PBXFileReference; lastKnownFileType = folder.assetcatalog; path = Assets.xcassets; sourceTree = "<group>"; };
		8999DEAC23AD290E00F26FBC /* Base */ = {isa = PBXFileReference; lastKnownFileType = file.storyboard; name = Base; path = Base.lproj/LaunchScreen.storyboard; sourceTree = "<group>"; };
		8999DEAE23AD290E00F26FBC /* Info.plist */ = {isa = PBXFileReference; lastKnownFileType = text.plist.xml; path = Info.plist; sourceTree = "<group>"; };
		8999DEB723AD2FD600F26FBC /* TakeAGuessViewController.swift */ = {isa = PBXFileReference; lastKnownFileType = sourcecode.swift; path = TakeAGuessViewController.swift; sourceTree = "<group>"; };
		8999DEB923AD304000F26FBC /* AnswerViewController.swift */ = {isa = PBXFileReference; lastKnownFileType = sourcecode.swift; path = AnswerViewController.swift; sourceTree = "<group>"; };
		8999DEBB23AD30FA00F26FBC /* ResultsViewController.swift */ = {isa = PBXFileReference; lastKnownFileType = sourcecode.swift; path = ResultsViewController.swift; sourceTree = "<group>"; };
		8999DEBF23AE4D2D00F26FBC /* CurrencyTextField.swift */ = {isa = PBXFileReference; lastKnownFileType = sourcecode.swift; path = CurrencyTextField.swift; sourceTree = "<group>"; };
		8999DEC223AE4E6800F26FBC /* Guess.swift */ = {isa = PBXFileReference; lastKnownFileType = sourcecode.swift; path = Guess.swift; sourceTree = "<group>"; };
		8999DEC423B39EF400F26FBC /* GuessesTableViewCell.swift */ = {isa = PBXFileReference; lastKnownFileType = sourcecode.swift; path = GuessesTableViewCell.swift; sourceTree = "<group>"; };
/* End PBXFileReference section */

/* Begin PBXFrameworksBuildPhase section */
		8999DE9A23AD290C00F26FBC /* Frameworks */ = {
			isa = PBXFrameworksBuildPhase;
			buildActionMask = 2147483647;
			files = (
			);
			runOnlyForDeploymentPostprocessing = 0;
		};
/* End PBXFrameworksBuildPhase section */

/* Begin PBXGroup section */
		8999DE9423AD290C00F26FBC = {
			isa = PBXGroup;
			children = (
				8999DE9F23AD290C00F26FBC /* Best Guess */,
				8999DE9E23AD290C00F26FBC /* Products */,
			);
			sourceTree = "<group>";
		};
		8999DE9E23AD290C00F26FBC /* Products */ = {
			isa = PBXGroup;
			children = (
				8999DE9D23AD290C00F26FBC /* Best Guess.app */,
			);
			name = Products;
			sourceTree = "<group>";
		};
		8999DE9F23AD290C00F26FBC /* Best Guess */ = {
			isa = PBXGroup;
			children = (
				8999DEB523AD2F1D00F26FBC /* Delegates */,
				8999DEB423AD2F0900F26FBC /* ViewControllers */,
				8999DEBE23AE4CEE00F26FBC /* Views */,
				8999DEC123AE4E5600F26FBC /* Models */,
				8999DEB623AD2F2D00F26FBC /* Storyboards */,
				8999DEA923AD290E00F26FBC /* Assets.xcassets */,
				8999DEAE23AD290E00F26FBC /* Info.plist */,
			);
			path = "Best Guess";
			sourceTree = "<group>";
		};
		8999DEB423AD2F0900F26FBC /* ViewControllers */ = {
			isa = PBXGroup;
			children = (
				8999DEA423AD290C00F26FBC /* StartViewController.swift */,
				8999DEB723AD2FD600F26FBC /* TakeAGuessViewController.swift */,
				8999DEB923AD304000F26FBC /* AnswerViewController.swift */,
				8999DEBB23AD30FA00F26FBC /* ResultsViewController.swift */,
			);
			path = ViewControllers;
			sourceTree = "<group>";
		};
		8999DEB523AD2F1D00F26FBC /* Delegates */ = {
			isa = PBXGroup;
			children = (
				8999DEA023AD290C00F26FBC /* AppDelegate.swift */,
				8999DEA223AD290C00F26FBC /* SceneDelegate.swift */,
			);
			path = Delegates;
			sourceTree = "<group>";
		};
		8999DEB623AD2F2D00F26FBC /* Storyboards */ = {
			isa = PBXGroup;
			children = (
				8999DEA623AD290C00F26FBC /* Main.storyboard */,
				8999DEAB23AD290E00F26FBC /* LaunchScreen.storyboard */,
			);
			path = Storyboards;
			sourceTree = "<group>";
		};
		8999DEBE23AE4CEE00F26FBC /* Views */ = {
			isa = PBXGroup;
			children = (
				8999DEBF23AE4D2D00F26FBC /* CurrencyTextField.swift */,
				8999DEC423B39EF400F26FBC /* GuessesTableViewCell.swift */,
			);
			path = Views;
			sourceTree = "<group>";
		};
		8999DEC123AE4E5600F26FBC /* Models */ = {
			isa = PBXGroup;
			children = (
				8999DEC223AE4E6800F26FBC /* Guess.swift */,
			);
			path = Models;
			sourceTree = "<group>";
		};
/* End PBXGroup section */

/* Begin PBXNativeTarget section */
		8999DE9C23AD290C00F26FBC /* Best Guess */ = {
			isa = PBXNativeTarget;
			buildConfigurationList = 8999DEB123AD290E00F26FBC /* Build configuration list for PBXNativeTarget "Best Guess" */;
			buildPhases = (
				8999DE9923AD290C00F26FBC /* Sources */,
				8999DE9A23AD290C00F26FBC /* Frameworks */,
				8999DE9B23AD290C00F26FBC /* Resources */,
			);
			buildRules = (
			);
			dependencies = (
			);
			name = "Best Guess";
			productName = "Best Guess";
			productReference = 8999DE9D23AD290C00F26FBC /* Best Guess.app */;
			productType = "com.apple.product-type.application";
		};
/* End PBXNativeTarget section */

/* Begin PBXProject section */
		8999DE9523AD290C00F26FBC /* Project object */ = {
			isa = PBXProject;
			attributes = {
				LastSwiftUpdateCheck = 1110;
				LastUpgradeCheck = 1110;
				ORGANIZATIONNAME = CHRoosipuu;
				TargetAttributes = {
					8999DE9C23AD290C00F26FBC = {
						CreatedOnToolsVersion = 11.1;
					};
				};
			};
			buildConfigurationList = 8999DE9823AD290C00F26FBC /* Build configuration list for PBXProject "Best Guess" */;
			compatibilityVersion = "Xcode 9.3";
			developmentRegion = en;
			hasScannedForEncodings = 0;
			knownRegions = (
				en,
				Base,
			);
			mainGroup = 8999DE9423AD290C00F26FBC;
			productRefGroup = 8999DE9E23AD290C00F26FBC /* Products */;
			projectDirPath = "";
			projectRoot = "";
			targets = (
				8999DE9C23AD290C00F26FBC /* Best Guess */,
			);
		};
/* End PBXProject section */

/* Begin PBXResourcesBuildPhase section */
		8999DE9B23AD290C00F26FBC /* Resources */ = {
			isa = PBXResourcesBuildPhase;
			buildActionMask = 2147483647;
			files = (
				8999DEAD23AD290E00F26FBC /* LaunchScreen.storyboard in Resources */,
				8999DEAA23AD290E00F26FBC /* Assets.xcassets in Resources */,
				8999DEA823AD290C00F26FBC /* Main.storyboard in Resources */,
			);
			runOnlyForDeploymentPostprocessing = 0;
		};
/* End PBXResourcesBuildPhase section */

/* Begin PBXSourcesBuildPhase section */
		8999DE9923AD290C00F26FBC /* Sources */ = {
			isa = PBXSourcesBuildPhase;
			buildActionMask = 2147483647;
			files = (
				8999DEA523AD290C00F26FBC /* StartViewController.swift in Sources */,
				8999DEB823AD2FD600F26FBC /* TakeAGuessViewController.swift in Sources */,
				8999DEBA23AD304000F26FBC /* AnswerViewController.swift in Sources */,
				8999DEA123AD290C00F26FBC /* AppDelegate.swift in Sources */,
				8999DEC523B39EF400F26FBC /* GuessesTableViewCell.swift in Sources */,
				8999DEA323AD290C00F26FBC /* SceneDelegate.swift in Sources */,
				8999DEC323AE4E6800F26FBC /* Guess.swift in Sources */,
				8999DEBC23AD30FA00F26FBC /* ResultsViewController.swift in Sources */,
				8999DEC023AE4D2D00F26FBC /* CurrencyTextField.swift in Sources */,
			);
			runOnlyForDeploymentPostprocessing = 0;
		};
/* End PBXSourcesBuildPhase section */

/* Begin PBXVariantGroup section */
		8999DEA623AD290C00F26FBC /* Main.storyboard */ = {
			isa = PBXVariantGroup;
			children = (
				8999DEA723AD290C00F26FBC /* Base */,
			);
			name = Main.storyboard;
			sourceTree = "<group>";
		};
		8999DEAB23AD290E00F26FBC /* LaunchScreen.storyboard */ = {
			isa = PBXVariantGroup;
			children = (
				8999DEAC23AD290E00F26FBC /* Base */,
			);
			name = LaunchScreen.storyboard;
			sourceTree = "<group>";
		};
/* End PBXVariantGroup section */

/* Begin XCBuildConfiguration section */
		8999DEAF23AD290E00F26FBC /* Debug */ = {
			isa = XCBuildConfiguration;
			buildSettings = {
				ALWAYS_SEARCH_USER_PATHS = NO;
				CLANG_ANALYZER_NONNULL = YES;
				CLANG_ANALYZER_NUMBER_OBJECT_CONVERSION = YES_AGGRESSIVE;
				CLANG_CXX_LANGUAGE_STANDARD = "gnu++14";
				CLANG_CXX_LIBRARY = "libc++";
				CLANG_ENABLE_MODULES = YES;
				CLANG_ENABLE_OBJC_ARC = YES;
				CLANG_ENABLE_OBJC_WEAK = YES;
				CLANG_WARN_BLOCK_CAPTURE_AUTORELEASING = YES;
				CLANG_WARN_BOOL_CONVERSION = YES;
				CLANG_WARN_COMMA = YES;
				CLANG_WARN_CONSTANT_CONVERSION = YES;
				CLANG_WARN_DEPRECATED_OBJC_IMPLEMENTATIONS = YES;
				CLANG_WARN_DIRECT_OBJC_ISA_USAGE = YES_ERROR;
				CLANG_WARN_DOCUMENTATION_COMMENTS = YES;
				CLANG_WARN_EMPTY_BODY = YES;
				CLANG_WARN_ENUM_CONVERSION = YES;
				CLANG_WARN_INFINITE_RECURSION = YES;
				CLANG_WARN_INT_CONVERSION = YES;
				CLANG_WARN_NON_LITERAL_NULL_CONVERSION = YES;
				CLANG_WARN_OBJC_IMPLICIT_RETAIN_SELF = YES;
				CLANG_WARN_OBJC_LITERAL_CONVERSION = YES;
				CLANG_WARN_OBJC_ROOT_CLASS = YES_ERROR;
				CLANG_WARN_RANGE_LOOP_ANALYSIS = YES;
				CLANG_WARN_STRICT_PROTOTYPES = YES;
				CLANG_WARN_SUSPICIOUS_MOVE = YES;
				CLANG_WARN_UNGUARDED_AVAILABILITY = YES_AGGRESSIVE;
				CLANG_WARN_UNREACHABLE_CODE = YES;
				CLANG_WARN__DUPLICATE_METHOD_MATCH = YES;
				COPY_PHASE_STRIP = NO;
				DEBUG_INFORMATION_FORMAT = dwarf;
				ENABLE_STRICT_OBJC_MSGSEND = YES;
				ENABLE_TESTABILITY = YES;
				GCC_C_LANGUAGE_STANDARD = gnu11;
				GCC_DYNAMIC_NO_PIC = NO;
				GCC_NO_COMMON_BLOCKS = YES;
				GCC_OPTIMIZATION_LEVEL = 0;
				GCC_PREPROCESSOR_DEFINITIONS = (
					"DEBUG=1",
					"$(inherited)",
				);
				GCC_WARN_64_TO_32_BIT_CONVERSION = YES;
				GCC_WARN_ABOUT_RETURN_TYPE = YES_ERROR;
				GCC_WARN_UNDECLARED_SELECTOR = YES;
				GCC_WARN_UNINITIALIZED_AUTOS = YES_AGGRESSIVE;
				GCC_WARN_UNUSED_FUNCTION = YES;
				GCC_WARN_UNUSED_VARIABLE = YES;
				IPHONEOS_DEPLOYMENT_TARGET = 13.1;
				MTL_ENABLE_DEBUG_INFO = INCLUDE_SOURCE;
				MTL_FAST_MATH = YES;
				ONLY_ACTIVE_ARCH = YES;
				SDKROOT = iphoneos;
				SWIFT_ACTIVE_COMPILATION_CONDITIONS = DEBUG;
				SWIFT_OPTIMIZATION_LEVEL = "-Onone";
			};
			name = Debug;
		};
		8999DEB023AD290E00F26FBC /* Release */ = {
			isa = XCBuildConfiguration;
			buildSettings = {
				ALWAYS_SEARCH_USER_PATHS = NO;
				CLANG_ANALYZER_NONNULL = YES;
				CLANG_ANALYZER_NUMBER_OBJECT_CONVERSION = YES_AGGRESSIVE;
				CLANG_CXX_LANGUAGE_STANDARD = "gnu++14";
				CLANG_CXX_LIBRARY = "libc++";
				CLANG_ENABLE_MODULES = YES;
				CLANG_ENABLE_OBJC_ARC = YES;
				CLANG_ENABLE_OBJC_WEAK = YES;
				CLANG_WARN_BLOCK_CAPTURE_AUTORELEASING = YES;
				CLANG_WARN_BOOL_CONVERSION = YES;
				CLANG_WARN_COMMA = YES;
				CLANG_WARN_CONSTANT_CONVERSION = YES;
				CLANG_WARN_DEPRECATED_OBJC_IMPLEMENTATIONS = YES;
				CLANG_WARN_DIRECT_OBJC_ISA_USAGE = YES_ERROR;
				CLANG_WARN_DOCUMENTATION_COMMENTS = YES;
				CLANG_WARN_EMPTY_BODY = YES;
				CLANG_WARN_ENUM_CONVERSION = YES;
				CLANG_WARN_INFINITE_RECURSION = YES;
				CLANG_WARN_INT_CONVERSION = YES;
				CLANG_WARN_NON_LITERAL_NULL_CONVERSION = YES;
				CLANG_WARN_OBJC_IMPLICIT_RETAIN_SELF = YES;
				CLANG_WARN_OBJC_LITERAL_CONVERSION = YES;
				CLANG_WARN_OBJC_ROOT_CLASS = YES_ERROR;
				CLANG_WARN_RANGE_LOOP_ANALYSIS = YES;
				CLANG_WARN_STRICT_PROTOTYPES = YES;
				CLANG_WARN_SUSPICIOUS_MOVE = YES;
				CLANG_WARN_UNGUARDED_AVAILABILITY = YES_AGGRESSIVE;
				CLANG_WARN_UNREACHABLE_CODE = YES;
				CLANG_WARN__DUPLICATE_METHOD_MATCH = YES;
				COPY_PHASE_STRIP = NO;
				DEBUG_INFORMATION_FORMAT = "dwarf-with-dsym";
				ENABLE_NS_ASSERTIONS = NO;
				ENABLE_STRICT_OBJC_MSGSEND = YES;
				GCC_C_LANGUAGE_STANDARD = gnu11;
				GCC_NO_COMMON_BLOCKS = YES;
				GCC_WARN_64_TO_32_BIT_CONVERSION = YES;
				GCC_WARN_ABOUT_RETURN_TYPE = YES_ERROR;
				GCC_WARN_UNDECLARED_SELECTOR = YES;
				GCC_WARN_UNINITIALIZED_AUTOS = YES_AGGRESSIVE;
				GCC_WARN_UNUSED_FUNCTION = YES;
				GCC_WARN_UNUSED_VARIABLE = YES;
				IPHONEOS_DEPLOYMENT_TARGET = 13.1;
				MTL_ENABLE_DEBUG_INFO = NO;
				MTL_FAST_MATH = YES;
				SDKROOT = iphoneos;
				SWIFT_COMPILATION_MODE = wholemodule;
				SWIFT_OPTIMIZATION_LEVEL = "-O";
				VALIDATE_PRODUCT = YES;
			};
			name = Release;
		};
		8999DEB223AD290E00F26FBC /* Debug */ = {
			isa = XCBuildConfiguration;
			buildSettings = {
				ASSETCATALOG_COMPILER_APPICON_NAME = AppIcon;
				CODE_SIGN_STYLE = Automatic;
				DEVELOPMENT_TEAM = 5A63LV8CS3;
				INFOPLIST_FILE = "Best Guess/Info.plist";
				LD_RUNPATH_SEARCH_PATHS = (
					"$(inherited)",
					"@executable_path/Frameworks",
				);
				PRODUCT_BUNDLE_IDENTIFIER = "com.CHRoosipuu.Best-Guess";
				PRODUCT_NAME = "$(TARGET_NAME)";
				SWIFT_VERSION = 5.0;
				TARGETED_DEVICE_FAMILY = "1,2";
			};
			name = Debug;
		};
		8999DEB323AD290E00F26FBC /* Release */ = {
			isa = XCBuildConfiguration;
			buildSettings = {
				ASSETCATALOG_COMPILER_APPICON_NAME = AppIcon;
				CODE_SIGN_STYLE = Automatic;
				DEVELOPMENT_TEAM = 5A63LV8CS3;
				INFOPLIST_FILE = "Best Guess/Info.plist";
				LD_RUNPATH_SEARCH_PATHS = (
					"$(inherited)",
					"@executable_path/Frameworks",
				);
				PRODUCT_BUNDLE_IDENTIFIER = "com.CHRoosipuu.Best-Guess";
				PRODUCT_NAME = "$(TARGET_NAME)";
				SWIFT_VERSION = 5.0;
				TARGETED_DEVICE_FAMILY = "1,2";
			};
			name = Release;
		};
/* End XCBuildConfiguration section */

/* Begin XCConfigurationList section */
		8999DE9823AD290C00F26FBC /* Build configuration list for PBXProject "Best Guess" */ = {
			isa = XCConfigurationList;
			buildConfigurations = (
				8999DEAF23AD290E00F26FBC /* Debug */,
				8999DEB023AD290E00F26FBC /* Release */,
			);
			defaultConfigurationIsVisible = 0;
			defaultConfigurationName = Release;
		};
		8999DEB123AD290E00F26FBC /* Build configuration list for PBXNativeTarget "Best Guess" */ = {
			isa = XCConfigurationList;
			buildConfigurations = (
				8999DEB223AD290E00F26FBC /* Debug */,
				8999DEB323AD290E00F26FBC /* Release */,
			);
			defaultConfigurationIsVisible = 0;
			defaultConfigurationName = Release;
		};
/* End XCConfigurationList section */
	};
	rootObject = 8999DE9523AD290C00F26FBC /* Project object */;
}
